
Microsoft Visual Studio Solution File, Format Version 12.00
# Visual Studio Version 16
VisualStudioVersion = 16.0.31112.23
MinimumVisualStudioVersion = 10.0.40219.1
Project("{FAE04EC0-301F-11D3-BF4B-00C04F79EFBC}") = "Server", "Server\Server.csproj", "{B89D5315-5EA2-47DF-A140-32BCEB0DCD00}"
EndProject
Project("{FAE04EC0-301F-11D3-BF4B-00C04F79EFBC}") = "Client", "Client\Client.csproj", "{B6F51863-3359-4874-9E8D-3F36202651F6}"
EndProject
Global
	GlobalSection(SolutionConfigurationPlatforms) = preSolution
		Debug|Any CPU = Debug|Any CPU
		Release|Any CPU = Release|Any CPU
	EndGlobalSection
	GlobalSection(ProjectConfigurationPlatforms) = postSolution
		{B89D5315-5EA2-47DF-A140-32BCEB0DCD00}.Debug|Any CPU.ActiveCfg = Debug|Any CPU
		{B89D5315-5EA2-47DF-A140-32BCEB0DCD00}.Debug|Any CPU.Build.0 = Debug|Any CPU
		{B89D5315-5EA2-47DF-A140-32BCEB0DCD00}.Release|Any CPU.ActiveCfg = Release|Any CPU
		{B89D5315-5EA2-47DF-A140-32BCEB0DCD00}.Release|Any CPU.Build.0 = Release|Any CPU
		{B6F51863-3359-4874-9E8D-3F36202651F6}.Debug|Any CPU.ActiveCfg = Debug|Any CPU
		{B6F51863-3359-4874-9E8D-3F36202651F6}.Debug|Any CPU.Build.0 = Debug|Any CPU
		{B6F51863-3359-4874-9E8D-3F36202651F6}.Release|Any CPU.ActiveCfg = Release|Any CPU
		{B6F51863-3359-4874-9E8D-3F36202651F6}.Release|Any CPU.Build.0 = Release|Any CPU
	EndGlobalSection
	GlobalSection(SolutionProperties) = preSolution
		HideSolutionNode = FALSE
	EndGlobalSection
	GlobalSection(ExtensibilityGlobals) = postSolution
		SolutionGuid = {A858358A-EA19-44DE-B246-0BB229AE6857}
	EndGlobalSection
EndGlobal
